
Microsoft Visual Studio Solution File, Format Version 12.00
# Visual Studio 2013
VisualStudioVersion = 12.0.30110.0
MinimumVisualStudioVersion = 10.0.40219.1
Project("{FAE04EC0-301F-11D3-BF4B-00C04F79EFBC}") = "RomanNumbers", "RomanNumbers.csproj", "{EDFADB89-88F5-4E48-842D-804434632243}"
EndProject
Project("{FAE04EC0-301F-11D3-BF4B-00C04F79EFBC}") = "RomanNumbers.Test", "..\RomanNumbers.Test\RomanNumbers.Test.csproj", "{2FDFF897-3441-42F1-B61D-9553BEB1BB8D}"
EndProject
Global
	GlobalSection(SolutionConfigurationPlatforms) = preSolution
		Debug|Any CPU = Debug|Any CPU
		Release|Any CPU = Release|Any CPU
	EndGlobalSection
	GlobalSection(ProjectConfigurationPlatforms) = postSolution
		{EDFADB89-88F5-4E48-842D-804434632243}.Debug|Any CPU.ActiveCfg = Debug|Any CPU
		{EDFADB89-88F5-4E48-842D-804434632243}.Debug|Any CPU.Build.0 = Debug|Any CPU
		{EDFADB89-88F5-4E48-842D-804434632243}.Release|Any CPU.ActiveCfg = Release|Any CPU
		{EDFADB89-88F5-4E48-842D-804434632243}.Release|Any CPU.Build.0 = Release|Any CPU
		{2FDFF897-3441-42F1-B61D-9553BEB1BB8D}.Debug|Any CPU.ActiveCfg = Debug|Any CPU
		{2FDFF897-3441-42F1-B61D-9553BEB1BB8D}.Debug|Any CPU.Build.0 = Debug|Any CPU
		{2FDFF897-3441-42F1-B61D-9553BEB1BB8D}.Release|Any CPU.ActiveCfg = Release|Any CPU
		{2FDFF897-3441-42F1-B61D-9553BEB1BB8D}.Release|Any CPU.Build.0 = Release|Any CPU
	EndGlobalSection
	GlobalSection(SolutionProperties) = preSolution
		HideSolutionNode = FALSE
	EndGlobalSection
EndGlobal
