
Microsoft Visual Studio Solution File, Format Version 12.00
# Visual Studio 2013
VisualStudioVersion = 12.0.30110.0
MinimumVisualStudioVersion = 10.0.40219.1
Project("{FAE04EC0-301F-11D3-BF4B-00C04F79EFBC}") = "Poker.Test", "Poker.Test\Poker.Test.csproj", "{EAADCCF6-EC22-406A-A9E5-5F730B73E9D7}"
EndProject
Project("{FAE04EC0-301F-11D3-BF4B-00C04F79EFBC}") = "Poker", "Poker\Poker.csproj", "{FB8A2C48-993A-4CDE-88F8-2948B5F4A2AB}"
EndProject
Global
	GlobalSection(SolutionConfigurationPlatforms) = preSolution
		Debug|Any CPU = Debug|Any CPU
		Release|Any CPU = Release|Any CPU
	EndGlobalSection
	GlobalSection(ProjectConfigurationPlatforms) = postSolution
		{EAADCCF6-EC22-406A-A9E5-5F730B73E9D7}.Debug|Any CPU.ActiveCfg = Debug|Any CPU
		{EAADCCF6-EC22-406A-A9E5-5F730B73E9D7}.Debug|Any CPU.Build.0 = Debug|Any CPU
		{EAADCCF6-EC22-406A-A9E5-5F730B73E9D7}.Release|Any CPU.ActiveCfg = Release|Any CPU
		{EAADCCF6-EC22-406A-A9E5-5F730B73E9D7}.Release|Any CPU.Build.0 = Release|Any CPU
		{FB8A2C48-993A-4CDE-88F8-2948B5F4A2AB}.Debug|Any CPU.ActiveCfg = Debug|Any CPU
		{FB8A2C48-993A-4CDE-88F8-2948B5F4A2AB}.Debug|Any CPU.Build.0 = Debug|Any CPU
		{FB8A2C48-993A-4CDE-88F8-2948B5F4A2AB}.Release|Any CPU.ActiveCfg = Release|Any CPU
		{FB8A2C48-993A-4CDE-88F8-2948B5F4A2AB}.Release|Any CPU.Build.0 = Release|Any CPU
	EndGlobalSection
	GlobalSection(SolutionProperties) = preSolution
		HideSolutionNode = FALSE
	EndGlobalSection
EndGlobal
